
Microsoft Visual Studio Solution File, Format Version 12.00
# Visual Studio Version 16
VisualStudioVersion = 16.0.32126.315
MinimumVisualStudioVersion = 10.0.40219.1
Project("{9A19103F-16F7-4668-BE54-9A1E7A4F7556}") = "Lab1PRS", "Lab1PRS.csproj", "{0F8B2C1D-180B-4B5B-BE88-1495CCEC6C7F}"
EndProject
Project("{2150E333-8FDC-42A3-9474-1A3956D46DE8}") = "Solution Items", "Solution Items", "{26B5A3EA-E4B6-44F0-BC3F-EF3910628961}"
	ProjectSection(SolutionItems) = preProject
		ArrayGenerator.cs = ArrayGenerator.cs
		ArraySorter.cs = ArraySorter.cs
		CalculateParams.cs = CalculateParams.cs
		Class1.cs = Class1.cs
	EndProjectSection
EndProject
Global
	GlobalSection(SolutionConfigurationPlatforms) = preSolution
		Debug|Any CPU = Debug|Any CPU
		Release|Any CPU = Release|Any CPU
	EndGlobalSection
	GlobalSection(ProjectConfigurationPlatforms) = postSolution
		{0F8B2C1D-180B-4B5B-BE88-1495CCEC6C7F}.Debug|Any CPU.ActiveCfg = Debug|Any CPU
		{0F8B2C1D-180B-4B5B-BE88-1495CCEC6C7F}.Debug|Any CPU.Build.0 = Debug|Any CPU
		{0F8B2C1D-180B-4B5B-BE88-1495CCEC6C7F}.Release|Any CPU.ActiveCfg = Release|Any CPU
		{0F8B2C1D-180B-4B5B-BE88-1495CCEC6C7F}.Release|Any CPU.Build.0 = Release|Any CPU
	EndGlobalSection
	GlobalSection(SolutionProperties) = preSolution
		HideSolutionNode = FALSE
	EndGlobalSection
	GlobalSection(ExtensibilityGlobals) = postSolution
		SolutionGuid = {96D50CBA-6B76-43B4-88FD-F1F5C8DB1918}
	EndGlobalSection
EndGlobal
